
Microsoft Visual Studio Solution File, Format Version 12.00
Project("{FAE04EC0-301F-11D3-BF4B-00C04F79EFBC}") = "cepix1234.WgetTracker.App", "app\cepix1234.WgetTracker.App\cepix1234.WgetTracker.App.csproj", "{AF3E7C07-8304-477F-8F01-FA44B99B5347}"
EndProject
Project("{FAE04EC0-301F-11D3-BF4B-00C04F79EFBC}") = "cepix1234.WgetTracker.Core", "app\cepix1234.WgetTracker.Core\cepix1234.WgetTracker.Core.csproj", "{BB323411-A55A-4E4F-B03B-980205D580C0}"
EndProject
Project("{FAE04EC0-301F-11D3-BF4B-00C04F79EFBC}") = "cepix1234.WgetTracker.Infrastructure", "app\cepix1234.WgetTracker.Infrastructure\cepix1234.WgetTracker.Infrastructure.csproj", "{030070EF-E9C7-41AA-A1B0-68DFC4035105}"
EndProject
Project("{FAE04EC0-301F-11D3-BF4B-00C04F79EFBC}") = "cepix1234.WgetTracker.Core.test", "app\cepix1234.WgetTracker.Core.test\cepix1234.WgetTracker.Core.test.csproj", "{2E505102-521C-4D20-9098-13984D305C9C}"
EndProject
Global
	GlobalSection(SolutionConfigurationPlatforms) = preSolution
		Debug|Any CPU = Debug|Any CPU
		Release|Any CPU = Release|Any CPU
	EndGlobalSection
	GlobalSection(ProjectConfigurationPlatforms) = postSolution
		{AF3E7C07-8304-477F-8F01-FA44B99B5347}.Debug|Any CPU.ActiveCfg = Debug|Any CPU
		{AF3E7C07-8304-477F-8F01-FA44B99B5347}.Debug|Any CPU.Build.0 = Debug|Any CPU
		{AF3E7C07-8304-477F-8F01-FA44B99B5347}.Release|Any CPU.ActiveCfg = Release|Any CPU
		{AF3E7C07-8304-477F-8F01-FA44B99B5347}.Release|Any CPU.Build.0 = Release|Any CPU
		{BB323411-A55A-4E4F-B03B-980205D580C0}.Debug|Any CPU.ActiveCfg = Debug|Any CPU
		{BB323411-A55A-4E4F-B03B-980205D580C0}.Debug|Any CPU.Build.0 = Debug|Any CPU
		{BB323411-A55A-4E4F-B03B-980205D580C0}.Release|Any CPU.ActiveCfg = Release|Any CPU
		{BB323411-A55A-4E4F-B03B-980205D580C0}.Release|Any CPU.Build.0 = Release|Any CPU
		{030070EF-E9C7-41AA-A1B0-68DFC4035105}.Debug|Any CPU.ActiveCfg = Debug|Any CPU
		{030070EF-E9C7-41AA-A1B0-68DFC4035105}.Debug|Any CPU.Build.0 = Debug|Any CPU
		{030070EF-E9C7-41AA-A1B0-68DFC4035105}.Release|Any CPU.ActiveCfg = Release|Any CPU
		{030070EF-E9C7-41AA-A1B0-68DFC4035105}.Release|Any CPU.Build.0 = Release|Any CPU
		{2E505102-521C-4D20-9098-13984D305C9C}.Debug|Any CPU.ActiveCfg = Debug|Any CPU
		{2E505102-521C-4D20-9098-13984D305C9C}.Debug|Any CPU.Build.0 = Debug|Any CPU
		{2E505102-521C-4D20-9098-13984D305C9C}.Release|Any CPU.ActiveCfg = Release|Any CPU
		{2E505102-521C-4D20-9098-13984D305C9C}.Release|Any CPU.Build.0 = Release|Any CPU
	EndGlobalSection
EndGlobal
